
Microsoft Visual Studio Solution File, Format Version 12.00
# Visual Studio 15
VisualStudioVersion = 15.0.27130.2027
MinimumVisualStudioVersion = 10.0.40219.1
Project("{F184B08F-C81C-45F6-A57F-5ABD9991F28F}") = "SPMMC", "SPMMC\SPMMC.vbproj", "{01C2A91C-19CE-4695-B02A-C183A035D1FA}"
EndProject
Global
	GlobalSection(SolutionConfigurationPlatforms) = preSolution
		Debug|Any CPU = Debug|Any CPU
		Release|Any CPU = Release|Any CPU
	EndGlobalSection
	GlobalSection(ProjectConfigurationPlatforms) = postSolution
		{01C2A91C-19CE-4695-B02A-C183A035D1FA}.Debug|Any CPU.ActiveCfg = Debug|Any CPU
		{01C2A91C-19CE-4695-B02A-C183A035D1FA}.Debug|Any CPU.Build.0 = Debug|Any CPU
		{01C2A91C-19CE-4695-B02A-C183A035D1FA}.Release|Any CPU.ActiveCfg = Release|Any CPU
		{01C2A91C-19CE-4695-B02A-C183A035D1FA}.Release|Any CPU.Build.0 = Release|Any CPU
	EndGlobalSection
	GlobalSection(SolutionProperties) = preSolution
		HideSolutionNode = FALSE
	EndGlobalSection
	GlobalSection(ExtensibilityGlobals) = postSolution
		SolutionGuid = {D628F84B-2F6C-4B41-B8A1-D57D91454C71}
	EndGlobalSection
EndGlobal
